
Microsoft Visual Studio Solution File, Format Version 12.00
# Visual Studio Version 16
VisualStudioVersion = 16.0.31105.61
MinimumVisualStudioVersion = 10.0.40219.1
Project("{9A19103F-16F7-4668-BE54-9A1E7A4F7556}") = "CefSahrp_Test", "CefSahrp_Test\CefSahrp_Test.csproj", "{A619451D-121A-476D-B306-B532B68B8FBF}"
EndProject
Project("{9A19103F-16F7-4668-BE54-9A1E7A4F7556}") = "CefS_JS_Test", "CefS_JS_Test\CefS_JS_Test.csproj", "{72100AB0-4534-4C0E-A571-88012DFDDD88}"
EndProject
Project("{9A19103F-16F7-4668-BE54-9A1E7A4F7556}") = "Cef_Course_Test", "Cef_Course_Test\Cef_Course_Test.csproj", "{2FF6B6F0-7406-48BA-A7B5-0E4616F36572}"
EndProject
Project("{9A19103F-16F7-4668-BE54-9A1E7A4F7556}") = "CEF_CPU_TEST", "CEF_CPU_TEST\CEF_CPU_TEST.csproj", "{24F673A8-0733-4EB3-9EB1-ADA13D5CF86A}"
EndProject
Project("{9A19103F-16F7-4668-BE54-9A1E7A4F7556}") = "BlankCoreApp1", "BlankCoreApp1\BlankCoreApp1.csproj", "{1F6EEC77-1535-4367-BCA9-EF78D1D52D17}"
EndProject
Project("{9A19103F-16F7-4668-BE54-9A1E7A4F7556}") = "ScrollViewer_Touch_Test", "ScrollViewer_Touch_Test\ScrollViewer_Touch_Test.csproj", "{2B8102B5-D9DC-445C-87E5-ACB640037532}"
EndProject
Project("{9A19103F-16F7-4668-BE54-9A1E7A4F7556}") = "Mutex_Test", "Mutex_Test\Mutex_Test.csproj", "{A531A025-94B0-4AA2-B1F5-0420C3F4B506}"
EndProject
Project("{2150E333-8FDC-42A3-9474-1A3956D46DE8}") = "Comm", "Comm", "{FDB5C674-F1AA-4744-B195-E4C7F4AF2221}"
EndProject
Project("{9A19103F-16F7-4668-BE54-9A1E7A4F7556}") = "Client", "Client\Client.csproj", "{4C2C14C8-87D1-43C6-876F-9F908D56AB4E}"
EndProject
Project("{9A19103F-16F7-4668-BE54-9A1E7A4F7556}") = "Server", "Server\Server.csproj", "{04218959-9595-4F9B-950E-F2628B10FDD9}"
EndProject
Project("{FAE04EC0-301F-11D3-BF4B-00C04F79EFBC}") = "WebAPI_Test", "WebAPI_Test\WebAPI_Test.csproj", "{BD4E81EA-9621-42F1-8ECE-2905F91E87F1}"
EndProject
Project("{FAE04EC0-301F-11D3-BF4B-00C04F79EFBC}") = "Caculate_Wave", "Caculate_Wave\Caculate_Wave.csproj", "{25478D50-6AFF-431D-B1C3-5C82FC09FAF1}"
EndProject
Project("{FAE04EC0-301F-11D3-BF4B-00C04F79EFBC}") = "ImageBindingTest", "ImageBindingTest\ImageBindingTest.csproj", "{D7C1CB3F-EF8B-4205-84C1-BF03B63F9B70}"
EndProject
Project("{FAE04EC0-301F-11D3-BF4B-00C04F79EFBC}") = "CefsharpScreenshot", "CefsharpScreenshot\CefsharpScreenshot.csproj", "{362E2903-944D-47C2-A1EF-CC7B7D3BF67B}"
EndProject
Project("{FAE04EC0-301F-11D3-BF4B-00C04F79EFBC}") = "ScreenShotCefOfflineTest", "ScreenShotCefOfflineTest\ScreenShotCefOfflineTest.csproj", "{AFB757D5-6FB9-450E-9C99-BE93201CFF84}"
EndProject
Project("{FAE04EC0-301F-11D3-BF4B-00C04F79EFBC}") = "ScreenShotCefOfflineTest_OldVersion", "ConsoleApp1\ScreenShotCefOfflineTest_OldVersion.csproj", "{E3904934-29C0-481C-BA61-FEDEEF0D53B8}"
EndProject
Project("{2150E333-8FDC-42A3-9474-1A3956D46DE8}") = "截图", "截图", "{5671DBD1-5DBE-4A37-97F7-7C0E13F28CAD}"
EndProject
Global
	GlobalSection(SolutionConfigurationPlatforms) = preSolution
		Debug|Any CPU = Debug|Any CPU
		Release|Any CPU = Release|Any CPU
	EndGlobalSection
	GlobalSection(ProjectConfigurationPlatforms) = postSolution
		{A619451D-121A-476D-B306-B532B68B8FBF}.Debug|Any CPU.ActiveCfg = Debug|Any CPU
		{A619451D-121A-476D-B306-B532B68B8FBF}.Debug|Any CPU.Build.0 = Debug|Any CPU
		{A619451D-121A-476D-B306-B532B68B8FBF}.Release|Any CPU.ActiveCfg = Release|Any CPU
		{A619451D-121A-476D-B306-B532B68B8FBF}.Release|Any CPU.Build.0 = Release|Any CPU
		{72100AB0-4534-4C0E-A571-88012DFDDD88}.Debug|Any CPU.ActiveCfg = Debug|Any CPU
		{72100AB0-4534-4C0E-A571-88012DFDDD88}.Debug|Any CPU.Build.0 = Debug|Any CPU
		{72100AB0-4534-4C0E-A571-88012DFDDD88}.Release|Any CPU.ActiveCfg = Release|Any CPU
		{72100AB0-4534-4C0E-A571-88012DFDDD88}.Release|Any CPU.Build.0 = Release|Any CPU
		{2FF6B6F0-7406-48BA-A7B5-0E4616F36572}.Debug|Any CPU.ActiveCfg = Debug|Any CPU
		{2FF6B6F0-7406-48BA-A7B5-0E4616F36572}.Debug|Any CPU.Build.0 = Debug|Any CPU
		{2FF6B6F0-7406-48BA-A7B5-0E4616F36572}.Release|Any CPU.ActiveCfg = Release|Any CPU
		{2FF6B6F0-7406-48BA-A7B5-0E4616F36572}.Release|Any CPU.Build.0 = Release|Any CPU
		{24F673A8-0733-4EB3-9EB1-ADA13D5CF86A}.Debug|Any CPU.ActiveCfg = Debug|Any CPU
		{24F673A8-0733-4EB3-9EB1-ADA13D5CF86A}.Debug|Any CPU.Build.0 = Debug|Any CPU
		{24F673A8-0733-4EB3-9EB1-ADA13D5CF86A}.Release|Any CPU.ActiveCfg = Release|Any CPU
		{24F673A8-0733-4EB3-9EB1-ADA13D5CF86A}.Release|Any CPU.Build.0 = Release|Any CPU
		{1F6EEC77-1535-4367-BCA9-EF78D1D52D17}.Debug|Any CPU.ActiveCfg = Debug|Any CPU
		{1F6EEC77-1535-4367-BCA9-EF78D1D52D17}.Debug|Any CPU.Build.0 = Debug|Any CPU
		{1F6EEC77-1535-4367-BCA9-EF78D1D52D17}.Release|Any CPU.ActiveCfg = Release|Any CPU
		{1F6EEC77-1535-4367-BCA9-EF78D1D52D17}.Release|Any CPU.Build.0 = Release|Any CPU
		{2B8102B5-D9DC-445C-87E5-ACB640037532}.Debug|Any CPU.ActiveCfg = Debug|Any CPU
		{2B8102B5-D9DC-445C-87E5-ACB640037532}.Debug|Any CPU.Build.0 = Debug|Any CPU
		{2B8102B5-D9DC-445C-87E5-ACB640037532}.Release|Any CPU.ActiveCfg = Release|Any CPU
		{2B8102B5-D9DC-445C-87E5-ACB640037532}.Release|Any CPU.Build.0 = Release|Any CPU
		{A531A025-94B0-4AA2-B1F5-0420C3F4B506}.Debug|Any CPU.ActiveCfg = Debug|Any CPU
		{A531A025-94B0-4AA2-B1F5-0420C3F4B506}.Debug|Any CPU.Build.0 = Debug|Any CPU
		{A531A025-94B0-4AA2-B1F5-0420C3F4B506}.Release|Any CPU.ActiveCfg = Release|Any CPU
		{A531A025-94B0-4AA2-B1F5-0420C3F4B506}.Release|Any CPU.Build.0 = Release|Any CPU
		{4C2C14C8-87D1-43C6-876F-9F908D56AB4E}.Debug|Any CPU.ActiveCfg = Debug|Any CPU
		{4C2C14C8-87D1-43C6-876F-9F908D56AB4E}.Debug|Any CPU.Build.0 = Debug|Any CPU
		{4C2C14C8-87D1-43C6-876F-9F908D56AB4E}.Release|Any CPU.ActiveCfg = Release|Any CPU
		{4C2C14C8-87D1-43C6-876F-9F908D56AB4E}.Release|Any CPU.Build.0 = Release|Any CPU
		{04218959-9595-4F9B-950E-F2628B10FDD9}.Debug|Any CPU.ActiveCfg = Debug|Any CPU
		{04218959-9595-4F9B-950E-F2628B10FDD9}.Debug|Any CPU.Build.0 = Debug|Any CPU
		{04218959-9595-4F9B-950E-F2628B10FDD9}.Release|Any CPU.ActiveCfg = Release|Any CPU
		{04218959-9595-4F9B-950E-F2628B10FDD9}.Release|Any CPU.Build.0 = Release|Any CPU
		{BD4E81EA-9621-42F1-8ECE-2905F91E87F1}.Debug|Any CPU.ActiveCfg = Debug|Any CPU
		{BD4E81EA-9621-42F1-8ECE-2905F91E87F1}.Debug|Any CPU.Build.0 = Debug|Any CPU
		{BD4E81EA-9621-42F1-8ECE-2905F91E87F1}.Release|Any CPU.ActiveCfg = Release|Any CPU
		{BD4E81EA-9621-42F1-8ECE-2905F91E87F1}.Release|Any CPU.Build.0 = Release|Any CPU
		{25478D50-6AFF-431D-B1C3-5C82FC09FAF1}.Debug|Any CPU.ActiveCfg = Debug|Any CPU
		{25478D50-6AFF-431D-B1C3-5C82FC09FAF1}.Debug|Any CPU.Build.0 = Debug|Any CPU
		{25478D50-6AFF-431D-B1C3-5C82FC09FAF1}.Release|Any CPU.ActiveCfg = Release|Any CPU
		{25478D50-6AFF-431D-B1C3-5C82FC09FAF1}.Release|Any CPU.Build.0 = Release|Any CPU
		{D7C1CB3F-EF8B-4205-84C1-BF03B63F9B70}.Debug|Any CPU.ActiveCfg = Debug|Any CPU
		{D7C1CB3F-EF8B-4205-84C1-BF03B63F9B70}.Debug|Any CPU.Build.0 = Debug|Any CPU
		{D7C1CB3F-EF8B-4205-84C1-BF03B63F9B70}.Release|Any CPU.ActiveCfg = Release|Any CPU
		{D7C1CB3F-EF8B-4205-84C1-BF03B63F9B70}.Release|Any CPU.Build.0 = Release|Any CPU
		{362E2903-944D-47C2-A1EF-CC7B7D3BF67B}.Debug|Any CPU.ActiveCfg = Debug|Any CPU
		{362E2903-944D-47C2-A1EF-CC7B7D3BF67B}.Debug|Any CPU.Build.0 = Debug|Any CPU
		{362E2903-944D-47C2-A1EF-CC7B7D3BF67B}.Release|Any CPU.ActiveCfg = Release|Any CPU
		{362E2903-944D-47C2-A1EF-CC7B7D3BF67B}.Release|Any CPU.Build.0 = Release|Any CPU
		{AFB757D5-6FB9-450E-9C99-BE93201CFF84}.Debug|Any CPU.ActiveCfg = Debug|Any CPU
		{AFB757D5-6FB9-450E-9C99-BE93201CFF84}.Debug|Any CPU.Build.0 = Debug|Any CPU
		{AFB757D5-6FB9-450E-9C99-BE93201CFF84}.Release|Any CPU.ActiveCfg = Release|Any CPU
		{AFB757D5-6FB9-450E-9C99-BE93201CFF84}.Release|Any CPU.Build.0 = Release|Any CPU
		{E3904934-29C0-481C-BA61-FEDEEF0D53B8}.Debug|Any CPU.ActiveCfg = Debug|Any CPU
		{E3904934-29C0-481C-BA61-FEDEEF0D53B8}.Debug|Any CPU.Build.0 = Debug|Any CPU
		{E3904934-29C0-481C-BA61-FEDEEF0D53B8}.Release|Any CPU.ActiveCfg = Release|Any CPU
		{E3904934-29C0-481C-BA61-FEDEEF0D53B8}.Release|Any CPU.Build.0 = Release|Any CPU
	EndGlobalSection
	GlobalSection(SolutionProperties) = preSolution
		HideSolutionNode = FALSE
	EndGlobalSection
	GlobalSection(NestedProjects) = preSolution
		{4C2C14C8-87D1-43C6-876F-9F908D56AB4E} = {FDB5C674-F1AA-4744-B195-E4C7F4AF2221}
		{04218959-9595-4F9B-950E-F2628B10FDD9} = {FDB5C674-F1AA-4744-B195-E4C7F4AF2221}
		{AFB757D5-6FB9-450E-9C99-BE93201CFF84} = {5671DBD1-5DBE-4A37-97F7-7C0E13F28CAD}
		{E3904934-29C0-481C-BA61-FEDEEF0D53B8} = {5671DBD1-5DBE-4A37-97F7-7C0E13F28CAD}
	EndGlobalSection
	GlobalSection(ExtensibilityGlobals) = postSolution
		SolutionGuid = {DBF401C5-5D0C-4FFE-A260-F7B4547E1F6A}
	EndGlobalSection
EndGlobal
